
Microsoft Visual Studio Solution File, Format Version 12.00
# Visual Studio Version 17
VisualStudioVersion = 17.11.35303.130
MinimumVisualStudioVersion = 10.0.40219.1
Project("{FAE04EC0-301F-11D3-BF4B-00C04F79EFBC}") = "TaskTracker", "TaskTracker\TaskTracker.csproj", "{A34F87E5-5C14-42F4-AA86-63922EE87DEA}"
EndProject
Global
	GlobalSection(SolutionConfigurationPlatforms) = preSolution
		Debug|Any CPU = Debug|Any CPU
		Release|Any CPU = Release|Any CPU
	EndGlobalSection
	GlobalSection(ProjectConfigurationPlatforms) = postSolution
		{A34F87E5-5C14-42F4-AA86-63922EE87DEA}.Debug|Any CPU.ActiveCfg = Debug|Any CPU
		{A34F87E5-5C14-42F4-AA86-63922EE87DEA}.Debug|Any CPU.Build.0 = Debug|Any CPU
		{A34F87E5-5C14-42F4-AA86-63922EE87DEA}.Release|Any CPU.ActiveCfg = Release|Any CPU
		{A34F87E5-5C14-42F4-AA86-63922EE87DEA}.Release|Any CPU.Build.0 = Release|Any CPU
	EndGlobalSection
	GlobalSection(SolutionProperties) = preSolution
		HideSolutionNode = FALSE
	EndGlobalSection
	GlobalSection(ExtensibilityGlobals) = postSolution
		SolutionGuid = {5AA5D7F6-61B4-4A36-BBC5-78513CE47164}
	EndGlobalSection
EndGlobal
